
Microsoft Visual Studio Solution File, Format Version 12.00
# Visual Studio Version 16
VisualStudioVersion = 16.0.31321.278
MinimumVisualStudioVersion = 10.0.40219.1
Project("{FAE04EC0-301F-11D3-BF4B-00C04F79EFBC}") = "Car Racing Game", "Car Racing Game\Car Racing Game.csproj", "{44053497-7199-40E7-AEF9-6AAE5C2B7D2A}"
EndProject
Global
	GlobalSection(SolutionConfigurationPlatforms) = preSolution
		Debug|Any CPU = Debug|Any CPU
		Debug|x64 = Debug|x64
		Debug|x86 = Debug|x86
		Release|Any CPU = Release|Any CPU
		Release|x64 = Release|x64
		Release|x86 = Release|x86
	EndGlobalSection
	GlobalSection(ProjectConfigurationPlatforms) = postSolution
		{44053497-7199-40E7-AEF9-6AAE5C2B7D2A}.Debug|Any CPU.ActiveCfg = Debug|Any CPU
		{44053497-7199-40E7-AEF9-6AAE5C2B7D2A}.Debug|Any CPU.Build.0 = Debug|Any CPU
		{44053497-7199-40E7-AEF9-6AAE5C2B7D2A}.Debug|x64.ActiveCfg = Debug|x64
		{44053497-7199-40E7-AEF9-6AAE5C2B7D2A}.Debug|x64.Build.0 = Debug|x64
		{44053497-7199-40E7-AEF9-6AAE5C2B7D2A}.Debug|x86.ActiveCfg = Debug|Any CPU
		{44053497-7199-40E7-AEF9-6AAE5C2B7D2A}.Release|Any CPU.ActiveCfg = Release|Any CPU
		{44053497-7199-40E7-AEF9-6AAE5C2B7D2A}.Release|Any CPU.Build.0 = Release|Any CPU
		{44053497-7199-40E7-AEF9-6AAE5C2B7D2A}.Release|x64.ActiveCfg = Release|x64
		{44053497-7199-40E7-AEF9-6AAE5C2B7D2A}.Release|x64.Build.0 = Release|x64
		{44053497-7199-40E7-AEF9-6AAE5C2B7D2A}.Release|x86.ActiveCfg = Release|Any CPU
	EndGlobalSection
	GlobalSection(SolutionProperties) = preSolution
		HideSolutionNode = FALSE
	EndGlobalSection
	GlobalSection(ExtensibilityGlobals) = postSolution
		SolutionGuid = {B795B5FE-DB8B-4927-84E2-8F1A0A509AA6}
	EndGlobalSection
EndGlobal
